
Microsoft Visual Studio Solution File, Format Version 12.00
# Visual Studio 15
VisualStudioVersion = 15.0.27130.2026
MinimumVisualStudioVersion = 10.0.40219.1
Project("{FAE04EC0-301F-11D3-BF4B-00C04F79EFBC}") = "TradeFetcher", "TradeFetcher\TradeFetcher.csproj", "{E5918334-CDCA-4333-A56A-0A24A0B615F2}"
EndProject
Global
	GlobalSection(SolutionConfigurationPlatforms) = preSolution
		Debug|Any CPU = Debug|Any CPU
		Release|Any CPU = Release|Any CPU
	EndGlobalSection
	GlobalSection(ProjectConfigurationPlatforms) = postSolution
		{E5918334-CDCA-4333-A56A-0A24A0B615F2}.Debug|Any CPU.ActiveCfg = Debug|Any CPU
		{E5918334-CDCA-4333-A56A-0A24A0B615F2}.Debug|Any CPU.Build.0 = Debug|Any CPU
		{E5918334-CDCA-4333-A56A-0A24A0B615F2}.Release|Any CPU.ActiveCfg = Release|Any CPU
		{E5918334-CDCA-4333-A56A-0A24A0B615F2}.Release|Any CPU.Build.0 = Release|Any CPU
	EndGlobalSection
	GlobalSection(SolutionProperties) = preSolution
		HideSolutionNode = FALSE
	EndGlobalSection
	GlobalSection(ExtensibilityGlobals) = postSolution
		SolutionGuid = {5A48C25F-A49E-4AB6-A270-72275627C436}
	EndGlobalSection
EndGlobal
